// !$*UTF8*$!
{
	archiveVersion = 1;
	classes = {
	};
	objectVersion = 46;
	objects = {

/* Begin PBXBuildFile section */
		2A27F22A1B0DD7B5002105EF /* YJTopMusicCell.xib in Resources */ = {isa = PBXBuildFile; fileRef = 2A27F2291B0DD7B5002105EF /* YJTopMusicCell.xib */; };
		2A4823ED1B2D934D00C25BA8 /* detail02.plist in Resources */ = {isa = PBXBuildFile; fileRef = 2A4823EC1B2D934D00C25BA8 /* detail02.plist */; };
		2A4823EF1B2D941000C25BA8 /* words02.plist in Resources */ = {isa = PBXBuildFile; fileRef = 2A4823EE1B2D941000C25BA8 /* words02.plist */; };
		2A4823F11B2D9BF100C25BA8 /* 002.mp3 in Resources */ = {isa = PBXBuildFile; fileRef = 2A4823F01B2D9BF100C25BA8 /* 002.mp3 */; };
		2A6849241AB0626000041EA5 /* YJListViewController.m in Sources */ = {isa = PBXBuildFile; fileRef = 2A6849111AB0626000041EA5 /* YJListViewController.m */; };
		2A6849261AB0626000041EA5 /* YJMusicGroup.m in Sources */ = {isa = PBXBuildFile; fileRef = 2A6849161AB0626000041EA5 /* YJMusicGroup.m */; };
		2A6849271AB0626000041EA5 /* YJHeaderView.m in Sources */ = {isa = PBXBuildFile; fileRef = 2A6849191AB0626000041EA5 /* YJHeaderView.m */; };
		2A6849281AB0626000041EA5 /* YJHeaderView.xib in Resources */ = {isa = PBXBuildFile; fileRef = 2A68491A1AB0626000041EA5 /* YJHeaderView.xib */; };
		2A6849291AB0626000041EA5 /* YJTopMusic.m in Sources */ = {isa = PBXBuildFile; fileRef = 2A68491C1AB0626000041EA5 /* YJTopMusic.m */; };
		2A68492A1AB0626000041EA5 /* YJTopMusicCell.m in Sources */ = {isa = PBXBuildFile; fileRef = 2A68491E1AB0626000041EA5 /* YJTopMusicCell.m */; };
		2A68492C1AB0626000041EA5 /* YJListBasicCell.m in Sources */ = {isa = PBXBuildFile; fileRef = 2A6849221AB0626000041EA5 /* YJListBasicCell.m */; };
		2A74F1C41AA4804900D2376A /* 001.mp3 in Resources */ = {isa = PBXBuildFile; fileRef = 2A74F1C31AA4804900D2376A /* 001.mp3 */; };
		2AB262581A8CD5FA0055F395 /* Main.storyboard in Resources */ = {isa = PBXBuildFile; fileRef = 2AB262561A8CD5FA0055F395 /* Main.storyboard */; };
		2AB2625A1A8CD5FA0055F395 /* Images.xcassets in Resources */ = {isa = PBXBuildFile; fileRef = 2AB262591A8CD5FA0055F395 /* Images.xcassets */; };
		2AB2625D1A8CD5FA0055F395 /* LaunchScreen.xib in Resources */ = {isa = PBXBuildFile; fileRef = 2AB2625B1A8CD5FA0055F395 /* LaunchScreen.xib */; };
		2AB262691A8CD5FA0055F395 /* YJListenDayTests.m in Sources */ = {isa = PBXBuildFile; fileRef = 2AB262681A8CD5FA0055F395 /* YJListenDayTests.m */; };
		2AB262B21A8CD6690055F395 /* YJWordViewController.m in Sources */ = {isa = PBXBuildFile; fileRef = 2AB2628E1A8CD6690055F395 /* YJWordViewController.m */; };
		2AB262B31A8CD6690055F395 /* YJWord.m in Sources */ = {isa = PBXBuildFile; fileRef = 2AB262911A8CD6690055F395 /* YJWord.m */; };
		2AB262B41A8CD6690055F395 /* YJMusicCell.m in Sources */ = {isa = PBXBuildFile; fileRef = 2AB262941A8CD6690055F395 /* YJMusicCell.m */; };
		2AB262B61A8CD6690055F395 /* YJMusicDetailViewController.m in Sources */ = {isa = PBXBuildFile; fileRef = 2AB262991A8CD6690055F395 /* YJMusicDetailViewController.m */; };
		2AB262B71A8CD6690055F395 /* YJMusicDetail.m in Sources */ = {isa = PBXBuildFile; fileRef = 2AB2629C1A8CD6690055F395 /* YJMusicDetail.m */; };
		2AB262B81A8CD6690055F395 /* YJDetailCell.m in Sources */ = {isa = PBXBuildFile; fileRef = 2AB2629F1A8CD6690055F395 /* YJDetailCell.m */; };
		2AB262BA1A8CD6690055F395 /* YJDetailHeaderView.m in Sources */ = {isa = PBXBuildFile; fileRef = 2AB262A21A8CD6690055F395 /* YJDetailHeaderView.m */; };
		2AB262BB1A8CD6690055F395 /* YJDetailHeaderView.xib in Resources */ = {isa = PBXBuildFile; fileRef = 2AB262A31A8CD6690055F395 /* YJDetailHeaderView.xib */; };
		2AB262BC1A8CD6690055F395 /* MJAudioTool.m in Sources */ = {isa = PBXBuildFile; fileRef = 2AB262A61A8CD6690055F395 /* MJAudioTool.m */; };
		2AB262C11A8CD6700055F395 /* AppDelegate.m in Sources */ = {isa = PBXBuildFile; fileRef = 2AB262BF1A8CD6700055F395 /* AppDelegate.m */; };
		2AB262C21A8CD6700055F395 /* main.m in Sources */ = {isa = PBXBuildFile; fileRef = 2AB262C01A8CD6700055F395 /* main.m */; };
		2AB262DB1A8CD72F0055F395 /* UIView+MJ.m in Sources */ = {isa = PBXBuildFile; fileRef = 2AB262C51A8CD72F0055F395 /* UIView+MJ.m */; };
		2AB262DC1A8CD72F0055F395 /* MJArgument.m in Sources */ = {isa = PBXBuildFile; fileRef = 2AB262C91A8CD72F0055F395 /* MJArgument.m */; };
		2AB262DD1A8CD72F0055F395 /* MJIvar.m in Sources */ = {isa = PBXBuildFile; fileRef = 2AB262CC1A8CD72F0055F395 /* MJIvar.m */; };
		2AB262DE1A8CD72F0055F395 /* MJMember.m in Sources */ = {isa = PBXBuildFile; fileRef = 2AB262CE1A8CD72F0055F395 /* MJMember.m */; };
		2AB262DF1A8CD72F0055F395 /* MJMethod.m in Sources */ = {isa = PBXBuildFile; fileRef = 2AB262D01A8CD72F0055F395 /* MJMethod.m */; };
		2AB262E01A8CD72F0055F395 /* MJType.m in Sources */ = {isa = PBXBuildFile; fileRef = 2AB262D21A8CD72F0055F395 /* MJType.m */; };
		2AB262E11A8CD72F0055F395 /* MJTypeEncoding.m in Sources */ = {isa = PBXBuildFile; fileRef = 2AB262D41A8CD72F0055F395 /* MJTypeEncoding.m */; };
		2AB262E21A8CD72F0055F395 /* NSObject+MJCoding.m in Sources */ = {isa = PBXBuildFile; fileRef = 2AB262D61A8CD72F0055F395 /* NSObject+MJCoding.m */; };
		2AB262E31A8CD72F0055F395 /* NSObject+MJKeyValue.m in Sources */ = {isa = PBXBuildFile; fileRef = 2AB262D81A8CD72F0055F395 /* NSObject+MJKeyValue.m */; };
		2AB262E41A8CD72F0055F395 /* NSObject+MJMember.m in Sources */ = {isa = PBXBuildFile; fileRef = 2AB262DA1A8CD72F0055F395 /* NSObject+MJMember.m */; };
		2AB262E81A8CD8150055F395 /* detail01.plist in Resources */ = {isa = PBXBuildFile; fileRef = 2AB262E51A8CD8150055F395 /* detail01.plist */; };
		2AB262E91A8CD8150055F395 /* list.plist in Resources */ = {isa = PBXBuildFile; fileRef = 2AB262E61A8CD8150055F395 /* list.plist */; };
		2AB262EA1A8CD8150055F395 /* words01.plist in Resources */ = {isa = PBXBuildFile; fileRef = 2AB262E71A8CD8150055F395 /* words01.plist */; };
		2AB5329D1B2D2EA30008F1A0 /* YJCustomLayout.m in Sources */ = {isa = PBXBuildFile; fileRef = 2AB5329C1B2D2EA30008F1A0 /* YJCustomLayout.m */; };
		2ADA2A001AAF0B2900F83AE8 /* top.plist in Resources */ = {isa = PBXBuildFile; fileRef = 2ADA29FF1AAF0B2900F83AE8 /* top.plist */; };
/* End PBXBuildFile section */

/* Begin PBXContainerItemProxy section */
		2AB262631A8CD5FA0055F395 /* PBXContainerItemProxy */ = {
			isa = PBXContainerItemProxy;
			containerPortal = 2AB262411A8CD5FA0055F395 /* Project object */;
			proxyType = 1;
			remoteGlobalIDString = 2AB262481A8CD5FA0055F395;
			remoteInfo = YJListenDay;
		};
/* End PBXContainerItemProxy section */

/* Begin PBXFileReference section */
		2A27F2291B0DD7B5002105EF /* YJTopMusicCell.xib */ = {isa = PBXFileReference; fileEncoding = 4; lastKnownFileType = file.xib; path = YJTopMusicCell.xib; sourceTree = "<group>"; };
		2A4823EC1B2D934D00C25BA8 /* detail02.plist */ = {isa = PBXFileReference; fileEncoding = 4; lastKnownFileType = text.plist.xml; path = detail02.plist; sourceTree = "<group>"; };
		2A4823EE1B2D941000C25BA8 /* words02.plist */ = {isa = PBXFileReference; fileEncoding = 4; lastKnownFileType = text.plist.xml; path = words02.plist; sourceTree = "<group>"; };
		2A4823F01B2D9BF100C25BA8 /* 002.mp3 */ = {isa = PBXFileReference; lastKnownFileType = audio.mp3; path = 002.mp3; sourceTree = "<group>"; };
		2A6849101AB0626000041EA5 /* YJListViewController.h */ = {isa = PBXFileReference; fileEncoding = 4; lastKnownFileType = sourcecode.c.h; path = YJListViewController.h; sourceTree = "<group>"; };
		2A6849111AB0626000041EA5 /* YJListViewController.m */ = {isa = PBXFileReference; fileEncoding = 4; lastKnownFileType = sourcecode.c.objc; path = YJListViewController.m; sourceTree = "<group>"; };
		2A6849151AB0626000041EA5 /* YJMusicGroup.h */ = {isa = PBXFileReference; fileEncoding = 4; lastKnownFileType = sourcecode.c.h; path = YJMusicGroup.h; sourceTree = "<group>"; };
		2A6849161AB0626000041EA5 /* YJMusicGroup.m */ = {isa = PBXFileReference; fileEncoding = 4; lastKnownFileType = sourcecode.c.objc; path = YJMusicGroup.m; sourceTree = "<group>"; };
		2A6849181AB0626000041EA5 /* YJHeaderView.h */ = {isa = PBXFileReference; fileEncoding = 4; lastKnownFileType = sourcecode.c.h; path = YJHeaderView.h; sourceTree = "<group>"; };
		2A6849191AB0626000041EA5 /* YJHeaderView.m */ = {isa = PBXFileReference; fileEncoding = 4; lastKnownFileType = sourcecode.c.objc; path = YJHeaderView.m; sourceTree = "<group>"; };
		2A68491A1AB0626000041EA5 /* YJHeaderView.xib */ = {isa = PBXFileReference; fileEncoding = 4; lastKnownFileType = file.xib; path = YJHeaderView.xib; sourceTree = "<group>"; };
		2A68491B1AB0626000041EA5 /* YJTopMusic.h */ = {isa = PBXFileReference; fileEncoding = 4; lastKnownFileType = sourcecode.c.h; path = YJTopMusic.h; sourceTree = "<group>"; };
		2A68491C1AB0626000041EA5 /* YJTopMusic.m */ = {isa = PBXFileReference; fileEncoding = 4; lastKnownFileType = sourcecode.c.objc; path = YJTopMusic.m; sourceTree = "<group>"; };
		2A68491D1AB0626000041EA5 /* YJTopMusicCell.h */ = {isa = PBXFileReference; fileEncoding = 4; lastKnownFileType = sourcecode.c.h; path = YJTopMusicCell.h; sourceTree = "<group>"; };
		2A68491E1AB0626000041EA5 /* YJTopMusicCell.m */ = {isa = PBXFileReference; fileEncoding = 4; lastKnownFileType = sourcecode.c.objc; path = YJTopMusicCell.m; sourceTree = "<group>"; };
		2A6849211AB0626000041EA5 /* YJListBasicCell.h */ = {isa = PBXFileReference; fileEncoding = 4; lastKnownFileType = sourcecode.c.h; path = YJListBasicCell.h; sourceTree = "<group>"; };
		2A6849221AB0626000041EA5 /* YJListBasicCell.m */ = {isa = PBXFileReference; fileEncoding = 4; lastKnownFileType = sourcecode.c.objc; path = YJListBasicCell.m; sourceTree = "<group>"; };
		2A74F1C31AA4804900D2376A /* 001.mp3 */ = {isa = PBXFileReference; lastKnownFileType = audio.mp3; path = 001.mp3; sourceTree = "<group>"; };
		2AB262491A8CD5FA0055F395 /* YJListenDay.app */ = {isa = PBXFileReference; explicitFileType = wrapper.application; includeInIndex = 0; path = YJListenDay.app; sourceTree = BUILT_PRODUCTS_DIR; };
		2AB2624D1A8CD5FA0055F395 /* Info.plist */ = {isa = PBXFileReference; lastKnownFileType = text.plist.xml; path = Info.plist; sourceTree = "<group>"; };
		2AB262571A8CD5FA0055F395 /* Base */ = {isa = PBXFileReference; lastKnownFileType = file.storyboard; name = Base; path = Base.lproj/Main.storyboard; sourceTree = "<group>"; };
		2AB262591A8CD5FA0055F395 /* Images.xcassets */ = {isa = PBXFileReference; lastKnownFileType = folder.assetcatalog; path = Images.xcassets; sourceTree = "<group>"; };
		2AB2625C1A8CD5FA0055F395 /* Base */ = {isa = PBXFileReference; lastKnownFileType = file.xib; name = Base; path = Base.lproj/LaunchScreen.xib; sourceTree = "<group>"; };
		2AB262621A8CD5FA0055F395 /* YJListenDayTests.xctest */ = {isa = PBXFileReference; explicitFileType = wrapper.cfbundle; includeInIndex = 0; path = YJListenDayTests.xctest; sourceTree = BUILT_PRODUCTS_DIR; };
		2AB262671A8CD5FA0055F395 /* Info.plist */ = {isa = PBXFileReference; lastKnownFileType = text.plist.xml; path = Info.plist; sourceTree = "<group>"; };
		2AB262681A8CD5FA0055F395 /* YJListenDayTests.m */ = {isa = PBXFileReference; lastKnownFileType = sourcecode.c.objc; path = YJListenDayTests.m; sourceTree = "<group>"; };
		2AB2628D1A8CD6690055F395 /* YJWordViewController.h */ = {isa = PBXFileReference; fileEncoding = 4; lastKnownFileType = sourcecode.c.h; path = YJWordViewController.h; sourceTree = "<group>"; };
		2AB2628E1A8CD6690055F395 /* YJWordViewController.m */ = {isa = PBXFileReference; fileEncoding = 4; lastKnownFileType = sourcecode.c.objc; path = YJWordViewController.m; sourceTree = "<group>"; };
		2AB262901A8CD6690055F395 /* YJWord.h */ = {isa = PBXFileReference; fileEncoding = 4; lastKnownFileType = sourcecode.c.h; path = YJWord.h; sourceTree = "<group>"; };
		2AB262911A8CD6690055F395 /* YJWord.m */ = {isa = PBXFileReference; fileEncoding = 4; lastKnownFileType = sourcecode.c.objc; path = YJWord.m; sourceTree = "<group>"; };
		2AB262931A8CD6690055F395 /* YJMusicCell.h */ = {isa = PBXFileReference; fileEncoding = 4; lastKnownFileType = sourcecode.c.h; path = YJMusicCell.h; sourceTree = "<group>"; };
		2AB262941A8CD6690055F395 /* YJMusicCell.m */ = {isa = PBXFileReference; fileEncoding = 4; lastKnownFileType = sourcecode.c.objc; path = YJMusicCell.m; sourceTree = "<group>"; };
		2AB262981A8CD6690055F395 /* YJMusicDetailViewController.h */ = {isa = PBXFileReference; fileEncoding = 4; lastKnownFileType = sourcecode.c.h; path = YJMusicDetailViewController.h; sourceTree = "<group>"; };
		2AB262991A8CD6690055F395 /* YJMusicDetailViewController.m */ = {isa = PBXFileReference; fileEncoding = 4; lastKnownFileType = sourcecode.c.objc; path = YJMusicDetailViewController.m; sourceTree = "<group>"; };
		2AB2629B1A8CD6690055F395 /* YJMusicDetail.h */ = {isa = PBXFileReference; fileEncoding = 4; lastKnownFileType = sourcecode.c.h; path = YJMusicDetail.h; sourceTree = "<group>"; };
		2AB2629C1A8CD6690055F395 /* YJMusicDetail.m */ = {isa = PBXFileReference; fileEncoding = 4; lastKnownFileType = sourcecode.c.objc; path = YJMusicDetail.m; sourceTree = "<group>"; };
		2AB2629E1A8CD6690055F395 /* YJDetailCell.h */ = {isa = PBXFileReference; fileEncoding = 4; lastKnownFileType = sourcecode.c.h; path = YJDetailCell.h; sourceTree = "<group>"; };
		2AB2629F1A8CD6690055F395 /* YJDetailCell.m */ = {isa = PBXFileReference; fileEncoding = 4; lastKnownFileType = sourcecode.c.objc; path = YJDetailCell.m; sourceTree = "<group>"; };
		2AB262A11A8CD6690055F395 /* YJDetailHeaderView.h */ = {isa = PBXFileReference; fileEncoding = 4; lastKnownFileType = sourcecode.c.h; path = YJDetailHeaderView.h; sourceTree = "<group>"; };
		2AB262A21A8CD6690055F395 /* YJDetailHeaderView.m */ = {isa = PBXFileReference; fileEncoding = 4; lastKnownFileType = sourcecode.c.objc; path = YJDetailHeaderView.m; sourceTree = "<group>"; };
		2AB262A31A8CD6690055F395 /* YJDetailHeaderView.xib */ = {isa = PBXFileReference; fileEncoding = 4; lastKnownFileType = file.xib; path = YJDetailHeaderView.xib; sourceTree = "<group>"; };
		2AB262A51A8CD6690055F395 /* MJAudioTool.h */ = {isa = PBXFileReference; fileEncoding = 4; lastKnownFileType = sourcecode.c.h; path = MJAudioTool.h; sourceTree = "<group>"; };
		2AB262A61A8CD6690055F395 /* MJAudioTool.m */ = {isa = PBXFileReference; fileEncoding = 4; lastKnownFileType = sourcecode.c.objc; path = MJAudioTool.m; sourceTree = "<group>"; };
		2AB262BE1A8CD6700055F395 /* AppDelegate.h */ = {isa = PBXFileReference; fileEncoding = 4; lastKnownFileType = sourcecode.c.h; name = AppDelegate.h; path = ../other/AppDelegate.h; sourceTree = "<group>"; };
		2AB262BF1A8CD6700055F395 /* AppDelegate.m */ = {isa = PBXFileReference; fileEncoding = 4; lastKnownFileType = sourcecode.c.objc; name = AppDelegate.m; path = ../other/AppDelegate.m; sourceTree = "<group>"; };
		2AB262C01A8CD6700055F395 /* main.m */ = {isa = PBXFileReference; fileEncoding = 4; lastKnownFileType = sourcecode.c.objc; path = main.m; sourceTree = "<group>"; };
		2AB262C41A8CD72F0055F395 /* UIView+MJ.h */ = {isa = PBXFileReference; fileEncoding = 4; lastKnownFileType = sourcecode.c.h; path = "UIView+MJ.h"; sourceTree = "<group>"; };
		2AB262C51A8CD72F0055F395 /* UIView+MJ.m */ = {isa = PBXFileReference; fileEncoding = 4; lastKnownFileType = sourcecode.c.objc; path = "UIView+MJ.m"; sourceTree = "<group>"; };
		2AB262C81A8CD72F0055F395 /* MJArgument.h */ = {isa = PBXFileReference; fileEncoding = 4; lastKnownFileType = sourcecode.c.h; path = MJArgument.h; sourceTree = "<group>"; };
		2AB262C91A8CD72F0055F395 /* MJArgument.m */ = {isa = PBXFileReference; fileEncoding = 4; lastKnownFileType = sourcecode.c.objc; path = MJArgument.m; sourceTree = "<group>"; };
		2AB262CA1A8CD72F0055F395 /* MJExtension.h */ = {isa = PBXFileReference; fileEncoding = 4; lastKnownFileType = sourcecode.c.h; path = MJExtension.h; sourceTree = "<group>"; };
		2AB262CB1A8CD72F0055F395 /* MJIvar.h */ = {isa = PBXFileReference; fileEncoding = 4; lastKnownFileType = sourcecode.c.h; path = MJIvar.h; sourceTree = "<group>"; };
		2AB262CC1A8CD72F0055F395 /* MJIvar.m */ = {isa = PBXFileReference; fileEncoding = 4; lastKnownFileType = sourcecode.c.objc; path = MJIvar.m; sourceTree = "<group>"; };
		2AB262CD1A8CD72F0055F395 /* MJMember.h */ = {isa = PBXFileReference; fileEncoding = 4; lastKnownFileType = sourcecode.c.h; path = MJMember.h; sourceTree = "<group>"; };
		2AB262CE1A8CD72F0055F395 /* MJMember.m */ = {isa = PBXFileReference; fileEncoding = 4; lastKnownFileType = sourcecode.c.objc; path = MJMember.m; sourceTree = "<group>"; };
		2AB262CF1A8CD72F0055F395 /* MJMethod.h */ = {isa = PBXFileReference; fileEncoding = 4; lastKnownFileType = sourcecode.c.h; path = MJMethod.h; sourceTree = "<group>"; };
		2AB262D01A8CD72F0055F395 /* MJMethod.m */ = {isa = PBXFileReference; fileEncoding = 4; lastKnownFileType = sourcecode.c.objc; path = MJMethod.m; sourceTree = "<group>"; };
		2AB262D11A8CD72F0055F395 /* MJType.h */ = {isa = PBXFileReference; fileEncoding = 4; lastKnownFileType = sourcecode.c.h; path = MJType.h; sourceTree = "<group>"; };
		2AB262D21A8CD72F0055F395 /* MJType.m */ = {isa = PBXFileReference; fileEncoding = 4; lastKnownFileType = sourcecode.c.objc; path = MJType.m; sourceTree = "<group>"; };
		2AB262D31A8CD72F0055F395 /* MJTypeEncoding.h */ = {isa = PBXFileReference; fileEncoding = 4; lastKnownFileType = sourcecode.c.h; path = MJTypeEncoding.h; sourceTree = "<group>"; };
		2AB262D41A8CD72F0055F395 /* MJTypeEncoding.m */ = {isa = PBXFileReference; fileEncoding = 4; lastKnownFileType = sourcecode.c.objc; path = MJTypeEncoding.m; sourceTree = "<group>"; };
		2AB262D51A8CD72F0055F395 /* NSObject+MJCoding.h */ = {isa = PBXFileReference; fileEncoding = 4; lastKnownFileType = sourcecode.c.h; path = "NSObject+MJCoding.h"; sourceTree = "<group>"; };
		2AB262D61A8CD72F0055F395 /* NSObject+MJCoding.m */ = {isa = PBXFileReference; fileEncoding = 4; lastKnownFileType = sourcecode.c.objc; path = "NSObject+MJCoding.m"; sourceTree = "<group>"; };
		2AB262D71A8CD72F0055F395 /* NSObject+MJKeyValue.h */ = {isa = PBXFileReference; fileEncoding = 4; lastKnownFileType = sourcecode.c.h; path = "NSObject+MJKeyValue.h"; sourceTree = "<group>"; };
		2AB262D81A8CD72F0055F395 /* NSObject+MJKeyValue.m */ = {isa = PBXFileReference; fileEncoding = 4; lastKnownFileType = sourcecode.c.objc; path = "NSObject+MJKeyValue.m"; sourceTree = "<group>"; };
		2AB262D91A8CD72F0055F395 /* NSObject+MJMember.h */ = {isa = PBXFileReference; fileEncoding = 4; lastKnownFileType = sourcecode.c.h; path = "NSObject+MJMember.h"; sourceTree = "<group>"; };
		2AB262DA1A8CD72F0055F395 /* NSObject+MJMember.m */ = {isa = PBXFileReference; fileEncoding = 4; lastKnownFileType = sourcecode.c.objc; path = "NSObject+MJMember.m"; sourceTree = "<group>"; };
		2AB262E51A8CD8150055F395 /* detail01.plist */ = {isa = PBXFileReference; fileEncoding = 4; lastKnownFileType = text.plist.xml; path = detail01.plist; sourceTree = "<group>"; };
		2AB262E61A8CD8150055F395 /* list.plist */ = {isa = PBXFileReference; fileEncoding = 4; lastKnownFileType = text.plist.xml; path = list.plist; sourceTree = "<group>"; };
		2AB262E71A8CD8150055F395 /* words01.plist */ = {isa = PBXFileReference; fileEncoding = 4; lastKnownFileType = text.plist.xml; path = words01.plist; sourceTree = "<group>"; };
		2AB5329B1B2D2EA30008F1A0 /* YJCustomLayout.h */ = {isa = PBXFileReference; fileEncoding = 4; lastKnownFileType = sourcecode.c.h; path = YJCustomLayout.h; sourceTree = "<group>"; };
		2AB5329C1B2D2EA30008F1A0 /* YJCustomLayout.m */ = {isa = PBXFileReference; fileEncoding = 4; lastKnownFileType = sourcecode.c.objc; path = YJCustomLayout.m; sourceTree = "<group>"; };
		2ADA29FF1AAF0B2900F83AE8 /* top.plist */ = {isa = PBXFileReference; fileEncoding = 4; lastKnownFileType = text.plist.xml; path = top.plist; sourceTree = "<group>"; };
/* End PBXFileReference section */

/* Begin PBXFrameworksBuildPhase section */
		2AB262461A8CD5FA0055F395 /* Frameworks */ = {
			isa = PBXFrameworksBuildPhase;
			buildActionMask = 2147483647;
			files = (
			);
			runOnlyForDeploymentPostprocessing = 0;
		};
		2AB2625F1A8CD5FA0055F395 /* Frameworks */ = {
			isa = PBXFrameworksBuildPhase;
			buildActionMask = 2147483647;
			files = (
			);
			runOnlyForDeploymentPostprocessing = 0;
		};
/* End PBXFrameworksBuildPhase section */

/* Begin PBXGroup section */
		2A68490E1AB0626000041EA5 /* List */ = {
			isa = PBXGroup;
			children = (
				2A68490F1AB0626000041EA5 /* Controller */,
				2A6849141AB0626000041EA5 /* Model */,
				2A6849171AB0626000041EA5 /* Top */,
				2A6849201AB0626000041EA5 /* View */,
			);
			path = List;
			sourceTree = "<group>";
		};
		2A68490F1AB0626000041EA5 /* Controller */ = {
			isa = PBXGroup;
			children = (
				2A6849101AB0626000041EA5 /* YJListViewController.h */,
				2A6849111AB0626000041EA5 /* YJListViewController.m */,
			);
			path = Controller;
			sourceTree = "<group>";
		};
		2A6849141AB0626000041EA5 /* Model */ = {
			isa = PBXGroup;
			children = (
				2A6849151AB0626000041EA5 /* YJMusicGroup.h */,
				2A6849161AB0626000041EA5 /* YJMusicGroup.m */,
			);
			path = Model;
			sourceTree = "<group>";
		};
		2A6849171AB0626000041EA5 /* Top */ = {
			isa = PBXGroup;
			children = (
				2A6849181AB0626000041EA5 /* YJHeaderView.h */,
				2A6849191AB0626000041EA5 /* YJHeaderView.m */,
				2A68491A1AB0626000041EA5 /* YJHeaderView.xib */,
				2A68491B1AB0626000041EA5 /* YJTopMusic.h */,
				2A68491C1AB0626000041EA5 /* YJTopMusic.m */,
				2A68491D1AB0626000041EA5 /* YJTopMusicCell.h */,
				2A68491E1AB0626000041EA5 /* YJTopMusicCell.m */,
				2A27F2291B0DD7B5002105EF /* YJTopMusicCell.xib */,
				2AB5329B1B2D2EA30008F1A0 /* YJCustomLayout.h */,
				2AB5329C1B2D2EA30008F1A0 /* YJCustomLayout.m */,
			);
			path = Top;
			sourceTree = "<group>";
		};
		2A6849201AB0626000041EA5 /* View */ = {
			isa = PBXGroup;
			children = (
				2A6849211AB0626000041EA5 /* YJListBasicCell.h */,
				2A6849221AB0626000041EA5 /* YJListBasicCell.m */,
			);
			path = View;
			sourceTree = "<group>";
		};
		2AB262401A8CD5FA0055F395 = {
			isa = PBXGroup;
			children = (
				2AB2624B1A8CD5FA0055F395 /* YJListenDay */,
				2AB262651A8CD5FA0055F395 /* YJListenDayTests */,
				2AB2624A1A8CD5FA0055F395 /* Products */,
			);
			sourceTree = "<group>";
		};
		2AB2624A1A8CD5FA0055F395 /* Products */ = {
			isa = PBXGroup;
			children = (
				2AB262491A8CD5FA0055F395 /* YJListenDay.app */,
				2AB262621A8CD5FA0055F395 /* YJListenDayTests.xctest */,
			);
			name = Products;
			sourceTree = "<group>";
		};
		2AB2624B1A8CD5FA0055F395 /* YJListenDay */ = {
			isa = PBXGroup;
			children = (
				2AB262591A8CD5FA0055F395 /* Images.xcassets */,
				2AB2625B1A8CD5FA0055F395 /* LaunchScreen.xib */,
				2AB262561A8CD5FA0055F395 /* Main.storyboard */,
				2AB262721A8CD6690055F395 /* Classes */,
				2AB2624C1A8CD5FA0055F395 /* Supporting Files */,
			);
			path = YJListenDay;
			sourceTree = "<group>";
		};
		2AB2624C1A8CD5FA0055F395 /* Supporting Files */ = {
			isa = PBXGroup;
			children = (
				2AB262BD1A8CD6700055F395 /* other */,
				2AB2624D1A8CD5FA0055F395 /* Info.plist */,
			);
			name = "Supporting Files";
			sourceTree = "<group>";
		};
		2AB262651A8CD5FA0055F395 /* YJListenDayTests */ = {
			isa = PBXGroup;
			children = (
				2AB262681A8CD5FA0055F395 /* YJListenDayTests.m */,
				2AB262661A8CD5FA0055F395 /* Supporting Files */,
			);
			path = YJListenDayTests;
			sourceTree = "<group>";
		};
		2AB262661A8CD5FA0055F395 /* Supporting Files */ = {
			isa = PBXGroup;
			children = (
				2AB262671A8CD5FA0055F395 /* Info.plist */,
			);
			name = "Supporting Files";
			sourceTree = "<group>";
		};
		2AB262721A8CD6690055F395 /* Classes */ = {
			isa = PBXGroup;
			children = (
				2AB262BE1A8CD6700055F395 /* AppDelegate.h */,
				2AB262BF1A8CD6700055F395 /* AppDelegate.m */,
				2A68490E1AB0626000041EA5 /* List */,
				2AB2628B1A8CD6690055F395 /* Music */,
				2AB262961A8CD6690055F395 /* MusicDetail */,
				2AB262A41A8CD6690055F395 /* Tool */,
			);
			path = Classes;
			sourceTree = "<group>";
		};
		2AB2628B1A8CD6690055F395 /* Music */ = {
			isa = PBXGroup;
			children = (
				2AB2628C1A8CD6690055F395 /* Controller */,
				2AB2628F1A8CD6690055F395 /* Model */,
				2AB262921A8CD6690055F395 /* View */,
			);
			path = Music;
			sourceTree = "<group>";
		};
		2AB2628C1A8CD6690055F395 /* Controller */ = {
			isa = PBXGroup;
			children = (
				2AB2628D1A8CD6690055F395 /* YJWordViewController.h */,
				2AB2628E1A8CD6690055F395 /* YJWordViewController.m */,
			);
			path = Controller;
			sourceTree = "<group>";
		};
		2AB2628F1A8CD6690055F395 /* Model */ = {
			isa = PBXGroup;
			children = (
				2AB262901A8CD6690055F395 /* YJWord.h */,
				2AB262911A8CD6690055F395 /* YJWord.m */,
			);
			path = Model;
			sourceTree = "<group>";
		};
		2AB262921A8CD6690055F395 /* View */ = {
			isa = PBXGroup;
			children = (
				2AB262931A8CD6690055F395 /* YJMusicCell.h */,
				2AB262941A8CD6690055F395 /* YJMusicCell.m */,
			);
			path = View;
			sourceTree = "<group>";
		};
		2AB262961A8CD6690055F395 /* MusicDetail */ = {
			isa = PBXGroup;
			children = (
				2AB262971A8CD6690055F395 /* Controller */,
				2AB2629A1A8CD6690055F395 /* Model */,
				2AB2629D1A8CD6690055F395 /* View */,
			);
			path = MusicDetail;
			sourceTree = "<group>";
		};
		2AB262971A8CD6690055F395 /* Controller */ = {
			isa = PBXGroup;
			children = (
				2AB262981A8CD6690055F395 /* YJMusicDetailViewController.h */,
				2AB262991A8CD6690055F395 /* YJMusicDetailViewController.m */,
			);
			path = Controller;
			sourceTree = "<group>";
		};
		2AB2629A1A8CD6690055F395 /* Model */ = {
			isa = PBXGroup;
			children = (
				2AB2629B1A8CD6690055F395 /* YJMusicDetail.h */,
				2AB2629C1A8CD6690055F395 /* YJMusicDetail.m */,
			);
			path = Model;
			sourceTree = "<group>";
		};
		2AB2629D1A8CD6690055F395 /* View */ = {
			isa = PBXGroup;
			children = (
				2AB2629E1A8CD6690055F395 /* YJDetailCell.h */,
				2AB2629F1A8CD6690055F395 /* YJDetailCell.m */,
				2AB262A11A8CD6690055F395 /* YJDetailHeaderView.h */,
				2AB262A21A8CD6690055F395 /* YJDetailHeaderView.m */,
				2AB262A31A8CD6690055F395 /* YJDetailHeaderView.xib */,
			);
			path = View;
			sourceTree = "<group>";
		};
		2AB262A41A8CD6690055F395 /* Tool */ = {
			isa = PBXGroup;
			children = (
				2AB262A51A8CD6690055F395 /* MJAudioTool.h */,
				2AB262A61A8CD6690055F395 /* MJAudioTool.m */,
			);
			path = Tool;
			sourceTree = "<group>";
		};
		2AB262BD1A8CD6700055F395 /* other */ = {
			isa = PBXGroup;
			children = (
				2AB262EB1A8CD8650055F395 /* music */,
				2AB262E51A8CD8150055F395 /* detail01.plist */,
				2A4823EC1B2D934D00C25BA8 /* detail02.plist */,
				2AB262E61A8CD8150055F395 /* list.plist */,
				2AB262E71A8CD8150055F395 /* words01.plist */,
				2A4823EE1B2D941000C25BA8 /* words02.plist */,
				2ADA29FF1AAF0B2900F83AE8 /* top.plist */,
				2AB262C31A8CD72F0055F395 /* Category */,
				2AB262C61A8CD72F0055F395 /* Lib */,
				2AB262C01A8CD6700055F395 /* main.m */,
			);
			path = other;
			sourceTree = "<group>";
		};
		2AB262C31A8CD72F0055F395 /* Category */ = {
			isa = PBXGroup;
			children = (
				2AB262C41A8CD72F0055F395 /* UIView+MJ.h */,
				2AB262C51A8CD72F0055F395 /* UIView+MJ.m */,
			);
			path = Category;
			sourceTree = "<group>";
		};
		2AB262C61A8CD72F0055F395 /* Lib */ = {
			isa = PBXGroup;
			children = (
				2AB262C71A8CD72F0055F395 /* MJExtension */,
			);
			path = Lib;
			sourceTree = "<group>";
		};
		2AB262C71A8CD72F0055F395 /* MJExtension */ = {
			isa = PBXGroup;
			children = (
				2AB262C81A8CD72F0055F395 /* MJArgument.h */,
				2AB262C91A8CD72F0055F395 /* MJArgument.m */,
				2AB262CA1A8CD72F0055F395 /* MJExtension.h */,
				2AB262CB1A8CD72F0055F395 /* MJIvar.h */,
				2AB262CC1A8CD72F0055F395 /* MJIvar.m */,
				2AB262CD1A8CD72F0055F395 /* MJMember.h */,
				2AB262CE1A8CD72F0055F395 /* MJMember.m */,
				2AB262CF1A8CD72F0055F395 /* MJMethod.h */,
				2AB262D01A8CD72F0055F395 /* MJMethod.m */,
				2AB262D11A8CD72F0055F395 /* MJType.h */,
				2AB262D21A8CD72F0055F395 /* MJType.m */,
				2AB262D31A8CD72F0055F395 /* MJTypeEncoding.h */,
				2AB262D41A8CD72F0055F395 /* MJTypeEncoding.m */,
				2AB262D51A8CD72F0055F395 /* NSObject+MJCoding.h */,
				2AB262D61A8CD72F0055F395 /* NSObject+MJCoding.m */,
				2AB262D71A8CD72F0055F395 /* NSObject+MJKeyValue.h */,
				2AB262D81A8CD72F0055F395 /* NSObject+MJKeyValue.m */,
				2AB262D91A8CD72F0055F395 /* NSObject+MJMember.h */,
				2AB262DA1A8CD72F0055F395 /* NSObject+MJMember.m */,
			);
			path = MJExtension;
			sourceTree = "<group>";
		};
		2AB262EB1A8CD8650055F395 /* music */ = {
			isa = PBXGroup;
			children = (
				2A74F1C31AA4804900D2376A /* 001.mp3 */,
				2A4823F01B2D9BF100C25BA8 /* 002.mp3 */,
			);
			path = music;
			sourceTree = "<group>";
		};
/* End PBXGroup section */

/* Begin PBXNativeTarget section */
		2AB262481A8CD5FA0055F395 /* YJListenDay */ = {
			isa = PBXNativeTarget;
			buildConfigurationList = 2AB2626C1A8CD5FA0055F395 /* Build configuration list for PBXNativeTarget "YJListenDay" */;
			buildPhases = (
				2AB262451A8CD5FA0055F395 /* Sources */,
				2AB262461A8CD5FA0055F395 /* Frameworks */,
				2AB262471A8CD5FA0055F395 /* Resources */,
			);
			buildRules = (
			);
			dependencies = (
			);
			name = YJListenDay;
			productName = YJListenDay;
			productReference = 2AB262491A8CD5FA0055F395 /* YJListenDay.app */;
			productType = "com.apple.product-type.application";
		};
		2AB262611A8CD5FA0055F395 /* YJListenDayTests */ = {
			isa = PBXNativeTarget;
			buildConfigurationList = 2AB2626F1A8CD5FA0055F395 /* Build configuration list for PBXNativeTarget "YJListenDayTests" */;
			buildPhases = (
				2AB2625E1A8CD5FA0055F395 /* Sources */,
				2AB2625F1A8CD5FA0055F395 /* Frameworks */,
				2AB262601A8CD5FA0055F395 /* Resources */,
			);
			buildRules = (
			);
			dependencies = (
				2AB262641A8CD5FA0055F395 /* PBXTargetDependency */,
			);
			name = YJListenDayTests;
			productName = YJListenDayTests;
			productReference = 2AB262621A8CD5FA0055F395 /* YJListenDayTests.xctest */;
			productType = "com.apple.product-type.bundle.unit-test";
		};
/* End PBXNativeTarget section */

/* Begin PBXProject section */
		2AB262411A8CD5FA0055F395 /* Project object */ = {
			isa = PBXProject;
			attributes = {
				LastUpgradeCheck = 0610;
				ORGANIZATIONNAME = Lee;
				TargetAttributes = {
					2AB262481A8CD5FA0055F395 = {
						CreatedOnToolsVersion = 6.1.1;
					};
					2AB262611A8CD5FA0055F395 = {
						CreatedOnToolsVersion = 6.1.1;
						TestTargetID = 2AB262481A8CD5FA0055F395;
					};
				};
			};
			buildConfigurationList = 2AB262441A8CD5FA0055F395 /* Build configuration list for PBXProject "YJListenDay" */;
			compatibilityVersion = "Xcode 3.2";
			developmentRegion = English;
			hasScannedForEncodings = 0;
			knownRegions = (
				en,
				Base,
			);
			mainGroup = 2AB262401A8CD5FA0055F395;
			productRefGroup = 2AB2624A1A8CD5FA0055F395 /* Products */;
			projectDirPath = "";
			projectRoot = "";
			targets = (
				2AB262481A8CD5FA0055F395 /* YJListenDay */,
				2AB262611A8CD5FA0055F395 /* YJListenDayTests */,
			);
		};
/* End PBXProject section */

/* Begin PBXResourcesBuildPhase section */
		2AB262471A8CD5FA0055F395 /* Resources */ = {
			isa = PBXResourcesBuildPhase;
			buildActionMask = 2147483647;
			files = (
				2AB262581A8CD5FA0055F395 /* Main.storyboard in Resources */,
				2A4823F11B2D9BF100C25BA8 /* 002.mp3 in Resources */,
				2AB262BB1A8CD6690055F395 /* YJDetailHeaderView.xib in Resources */,
				2A27F22A1B0DD7B5002105EF /* YJTopMusicCell.xib in Resources */,
				2A74F1C41AA4804900D2376A /* 001.mp3 in Resources */,
				2A4823EF1B2D941000C25BA8 /* words02.plist in Resources */,
				2AB262E91A8CD8150055F395 /* list.plist in Resources */,
				2A4823ED1B2D934D00C25BA8 /* detail02.plist in Resources */,
				2A6849281AB0626000041EA5 /* YJHeaderView.xib in Resources */,
				2AB2625D1A8CD5FA0055F395 /* LaunchScreen.xib in Resources */,
				2AB262EA1A8CD8150055F395 /* words01.plist in Resources */,
				2AB262E81A8CD8150055F395 /* detail01.plist in Resources */,
				2ADA2A001AAF0B2900F83AE8 /* top.plist in Resources */,
				2AB2625A1A8CD5FA0055F395 /* Images.xcassets in Resources */,
			);
			runOnlyForDeploymentPostprocessing = 0;
		};
		2AB262601A8CD5FA0055F395 /* Resources */ = {
			isa = PBXResourcesBuildPhase;
			buildActionMask = 2147483647;
			files = (
			);
			runOnlyForDeploymentPostprocessing = 0;
		};
/* End PBXResourcesBuildPhase section */

/* Begin PBXSourcesBuildPhase section */
		2AB262451A8CD5FA0055F395 /* Sources */ = {
			isa = PBXSourcesBuildPhase;
			buildActionMask = 2147483647;
			files = (
				2AB262B31A8CD6690055F395 /* YJWord.m in Sources */,
				2AB262DC1A8CD72F0055F395 /* MJArgument.m in Sources */,
				2A68492A1AB0626000041EA5 /* YJTopMusicCell.m in Sources */,
				2A6849291AB0626000041EA5 /* YJTopMusic.m in Sources */,
				2AB262B81A8CD6690055F395 /* YJDetailCell.m in Sources */,
				2AB262B21A8CD6690055F395 /* YJWordViewController.m in Sources */,
				2AB262E01A8CD72F0055F395 /* MJType.m in Sources */,
				2A6849241AB0626000041EA5 /* YJListViewController.m in Sources */,
				2AB262E11A8CD72F0055F395 /* MJTypeEncoding.m in Sources */,
				2AB262B61A8CD6690055F395 /* YJMusicDetailViewController.m in Sources */,
				2A6849271AB0626000041EA5 /* YJHeaderView.m in Sources */,
				2AB262B71A8CD6690055F395 /* YJMusicDetail.m in Sources */,
				2AB262DF1A8CD72F0055F395 /* MJMethod.m in Sources */,
				2AB262DD1A8CD72F0055F395 /* MJIvar.m in Sources */,
				2AB262E31A8CD72F0055F395 /* NSObject+MJKeyValue.m in Sources */,
				2AB262B41A8CD6690055F395 /* YJMusicCell.m in Sources */,
				2AB262BA1A8CD6690055F395 /* YJDetailHeaderView.m in Sources */,
				2AB262E41A8CD72F0055F395 /* NSObject+MJMember.m in Sources */,
				2AB262DE1A8CD72F0055F395 /* MJMember.m in Sources */,
				2AB262E21A8CD72F0055F395 /* NSObject+MJCoding.m in Sources */,
				2AB262DB1A8CD72F0055F395 /* UIView+MJ.m in Sources */,
				2AB262C11A8CD6700055F395 /* AppDelegate.m in Sources */,
				2A68492C1AB0626000041EA5 /* YJListBasicCell.m in Sources */,
				2AB262C21A8CD6700055F395 /* main.m in Sources */,
				2A6849261AB0626000041EA5 /* YJMusicGroup.m in Sources */,
				2AB5329D1B2D2EA30008F1A0 /* YJCustomLayout.m in Sources */,
				2AB262BC1A8CD6690055F395 /* MJAudioTool.m in Sources */,
			);
			runOnlyForDeploymentPostprocessing = 0;
		};
		2AB2625E1A8CD5FA0055F395 /* Sources */ = {
			isa = PBXSourcesBuildPhase;
			buildActionMask = 2147483647;
			files = (
				2AB262691A8CD5FA0055F395 /* YJListenDayTests.m in Sources */,
			);
			runOnlyForDeploymentPostprocessing = 0;
		};
/* End PBXSourcesBuildPhase section */

/* Begin PBXTargetDependency section */
		2AB262641A8CD5FA0055F395 /* PBXTargetDependency */ = {
			isa = PBXTargetDependency;
			target = 2AB262481A8CD5FA0055F395 /* YJListenDay */;
			targetProxy = 2AB262631A8CD5FA0055F395 /* PBXContainerItemProxy */;
		};
/* End PBXTargetDependency section */

/* Begin PBXVariantGroup section */
		2AB262561A8CD5FA0055F395 /* Main.storyboard */ = {
			isa = PBXVariantGroup;
			children = (
				2AB262571A8CD5FA0055F395 /* Base */,
			);
			name = Main.storyboard;
			sourceTree = "<group>";
		};
		2AB2625B1A8CD5FA0055F395 /* LaunchScreen.xib */ = {
			isa = PBXVariantGroup;
			children = (
				2AB2625C1A8CD5FA0055F395 /* Base */,
			);
			name = LaunchScreen.xib;
			sourceTree = "<group>";
		};
/* End PBXVariantGroup section */

/* Begin XCBuildConfiguration section */
		2AB2626A1A8CD5FA0055F395 /* Debug */ = {
			isa = XCBuildConfiguration;
			buildSettings = {
				ALWAYS_SEARCH_USER_PATHS = NO;
				CLANG_CXX_LANGUAGE_STANDARD = "gnu++0x";
				CLANG_CXX_LIBRARY = "libc++";
				CLANG_ENABLE_MODULES = YES;
				CLANG_ENABLE_OBJC_ARC = YES;
				CLANG_WARN_BOOL_CONVERSION = YES;
				CLANG_WARN_CONSTANT_CONVERSION = YES;
				CLANG_WARN_DIRECT_OBJC_ISA_USAGE = YES_ERROR;
				CLANG_WARN_EMPTY_BODY = YES;
				CLANG_WARN_ENUM_CONVERSION = YES;
				CLANG_WARN_INT_CONVERSION = YES;
				CLANG_WARN_OBJC_ROOT_CLASS = YES_ERROR;
				CLANG_WARN_UNREACHABLE_CODE = YES;
				CLANG_WARN__DUPLICATE_METHOD_MATCH = YES;
				"CODE_SIGN_IDENTITY[sdk=iphoneos*]" = "iPhone Developer";
				COPY_PHASE_STRIP = NO;
				ENABLE_STRICT_OBJC_MSGSEND = YES;
				GCC_C_LANGUAGE_STANDARD = gnu99;
				GCC_DYNAMIC_NO_PIC = NO;
				GCC_OPTIMIZATION_LEVEL = 0;
				GCC_PREPROCESSOR_DEFINITIONS = (
					"DEBUG=1",
					"$(inherited)",
				);
				GCC_SYMBOLS_PRIVATE_EXTERN = NO;
				GCC_WARN_64_TO_32_BIT_CONVERSION = YES;
				GCC_WARN_ABOUT_RETURN_TYPE = YES_ERROR;
				GCC_WARN_UNDECLARED_SELECTOR = YES;
				GCC_WARN_UNINITIALIZED_AUTOS = YES_AGGRESSIVE;
				GCC_WARN_UNUSED_FUNCTION = YES;
				GCC_WARN_UNUSED_VARIABLE = YES;
				IPHONEOS_DEPLOYMENT_TARGET = 8.1;
				MTL_ENABLE_DEBUG_INFO = YES;
				ONLY_ACTIVE_ARCH = YES;
				SDKROOT = iphoneos;
				TARGETED_DEVICE_FAMILY = "1,2";
			};
			name = Debug;
		};
		2AB2626B1A8CD5FA0055F395 /* Release */ = {
			isa = XCBuildConfiguration;
			buildSettings = {
				ALWAYS_SEARCH_USER_PATHS = NO;
				CLANG_CXX_LANGUAGE_STANDARD = "gnu++0x";
				CLANG_CXX_LIBRARY = "libc++";
				CLANG_ENABLE_MODULES = YES;
				CLANG_ENABLE_OBJC_ARC = YES;
				CLANG_WARN_BOOL_CONVERSION = YES;
				CLANG_WARN_CONSTANT_CONVERSION = YES;
				CLANG_WARN_DIRECT_OBJC_ISA_USAGE = YES_ERROR;
				CLANG_WARN_EMPTY_BODY = YES;
				CLANG_WARN_ENUM_CONVERSION = YES;
				CLANG_WARN_INT_CONVERSION = YES;
				CLANG_WARN_OBJC_ROOT_CLASS = YES_ERROR;
				CLANG_WARN_UNREACHABLE_CODE = YES;
				CLANG_WARN__DUPLICATE_METHOD_MATCH = YES;
				"CODE_SIGN_IDENTITY[sdk=iphoneos*]" = "iPhone Developer";
				COPY_PHASE_STRIP = YES;
				ENABLE_NS_ASSERTIONS = NO;
				ENABLE_STRICT_OBJC_MSGSEND = YES;
				GCC_C_LANGUAGE_STANDARD = gnu99;
				GCC_WARN_64_TO_32_BIT_CONVERSION = YES;
				GCC_WARN_ABOUT_RETURN_TYPE = YES_ERROR;
				GCC_WARN_UNDECLARED_SELECTOR = YES;
				GCC_WARN_UNINITIALIZED_AUTOS = YES_AGGRESSIVE;
				GCC_WARN_UNUSED_FUNCTION = YES;
				GCC_WARN_UNUSED_VARIABLE = YES;
				IPHONEOS_DEPLOYMENT_TARGET = 8.1;
				MTL_ENABLE_DEBUG_INFO = NO;
				SDKROOT = iphoneos;
				TARGETED_DEVICE_FAMILY = "1,2";
				VALIDATE_PRODUCT = YES;
			};
			name = Release;
		};
		2AB2626D1A8CD5FA0055F395 /* Debug */ = {
			isa = XCBuildConfiguration;
			buildSettings = {
				ASSETCATALOG_COMPILER_APPICON_NAME = AppIcon;
				INFOPLIST_FILE = YJListenDay/Info.plist;
				IPHONEOS_DEPLOYMENT_TARGET = 8.0;
				LD_RUNPATH_SEARCH_PATHS = "$(inherited) @executable_path/Frameworks";
				PRODUCT_NAME = "$(TARGET_NAME)";
			};
			name = Debug;
		};
		2AB2626E1A8CD5FA0055F395 /* Release */ = {
			isa = XCBuildConfiguration;
			buildSettings = {
				ASSETCATALOG_COMPILER_APPICON_NAME = AppIcon;
				INFOPLIST_FILE = YJListenDay/Info.plist;
				IPHONEOS_DEPLOYMENT_TARGET = 8.0;
				LD_RUNPATH_SEARCH_PATHS = "$(inherited) @executable_path/Frameworks";
				PRODUCT_NAME = "$(TARGET_NAME)";
			};
			name = Release;
		};
		2AB262701A8CD5FA0055F395 /* Debug */ = {
			isa = XCBuildConfiguration;
			buildSettings = {
				BUNDLE_LOADER = "$(TEST_HOST)";
				FRAMEWORK_SEARCH_PATHS = (
					"$(SDKROOT)/Developer/Library/Frameworks",
					"$(inherited)",
				);
				GCC_PREPROCESSOR_DEFINITIONS = (
					"DEBUG=1",
					"$(inherited)",
				);
				INFOPLIST_FILE = YJListenDayTests/Info.plist;
				LD_RUNPATH_SEARCH_PATHS = "$(inherited) @executable_path/Frameworks @loader_path/Frameworks";
				PRODUCT_NAME = "$(TARGET_NAME)";
				TEST_HOST = "$(BUILT_PRODUCTS_DIR)/YJListenDay.app/YJListenDay";
			};
			name = Debug;
		};
		2AB262711A8CD5FA0055F395 /* Release */ = {
			isa = XCBuildConfiguration;
			buildSettings = {
				BUNDLE_LOADER = "$(TEST_HOST)";
				FRAMEWORK_SEARCH_PATHS = (
					"$(SDKROOT)/Developer/Library/Frameworks",
					"$(inherited)",
				);
				INFOPLIST_FILE = YJListenDayTests/Info.plist;
				LD_RUNPATH_SEARCH_PATHS = "$(inherited) @executable_path/Frameworks @loader_path/Frameworks";
				PRODUCT_NAME = "$(TARGET_NAME)";
				TEST_HOST = "$(BUILT_PRODUCTS_DIR)/YJListenDay.app/YJListenDay";
			};
			name = Release;
		};
/* End XCBuildConfiguration section */

/* Begin XCConfigurationList section */
		2AB262441A8CD5FA0055F395 /* Build configuration list for PBXProject "YJListenDay" */ = {
			isa = XCConfigurationList;
			buildConfigurations = (
				2AB2626A1A8CD5FA0055F395 /* Debug */,
				2AB2626B1A8CD5FA0055F395 /* Release */,
			);
			defaultConfigurationIsVisible = 0;
			defaultConfigurationName = Release;
		};
		2AB2626C1A8CD5FA0055F395 /* Build configuration list for PBXNativeTarget "YJListenDay" */ = {
			isa = XCConfigurationList;
			buildConfigurations = (
				2AB2626D1A8CD5FA0055F395 /* Debug */,
				2AB2626E1A8CD5FA0055F395 /* Release */,
			);
			defaultConfigurationIsVisible = 0;
			defaultConfigurationName = Release;
		};
		2AB2626F1A8CD5FA0055F395 /* Build configuration list for PBXNativeTarget "YJListenDayTests" */ = {
			isa = XCConfigurationList;
			buildConfigurations = (
				2AB262701A8CD5FA0055F395 /* Debug */,
				2AB262711A8CD5FA0055F395 /* Release */,
			);
			defaultConfigurationIsVisible = 0;
			defaultConfigurationName = Release;
		};
/* End XCConfigurationList section */
	};
	rootObject = 2AB262411A8CD5FA0055F395 /* Project object */;
}
